
Microsoft Visual Studio Solution File, Format Version 12.00
# Visual Studio Version 16
VisualStudioVersion = 16.0.30621.155
MinimumVisualStudioVersion = 10.0.40219.1
Project("{FAE04EC0-301F-11D3-BF4B-00C04F79EFBC}") = "LoginGoogleAccount", "LoginGoogleAccount\LoginGoogleAccount.csproj", "{3B6BFAF8-92A6-4864-BAFA-ECAD5919B12D}"
EndProject
Global
	GlobalSection(SolutionConfigurationPlatforms) = preSolution
		Debug|Any CPU = Debug|Any CPU
		Release|Any CPU = Release|Any CPU
	EndGlobalSection
	GlobalSection(ProjectConfigurationPlatforms) = postSolution
		{3B6BFAF8-92A6-4864-BAFA-ECAD5919B12D}.Debug|Any CPU.ActiveCfg = Debug|Any CPU
		{3B6BFAF8-92A6-4864-BAFA-ECAD5919B12D}.Debug|Any CPU.Build.0 = Debug|Any CPU
		{3B6BFAF8-92A6-4864-BAFA-ECAD5919B12D}.Release|Any CPU.ActiveCfg = Release|Any CPU
		{3B6BFAF8-92A6-4864-BAFA-ECAD5919B12D}.Release|Any CPU.Build.0 = Release|Any CPU
	EndGlobalSection
	GlobalSection(SolutionProperties) = preSolution
		HideSolutionNode = FALSE
	EndGlobalSection
	GlobalSection(ExtensibilityGlobals) = postSolution
		SolutionGuid = {EDDEF787-019D-41E5-82AB-A399CA974404}
	EndGlobalSection
EndGlobal
